
Microsoft Visual Studio Solution File, Format Version 12.00
# Visual Studio Version 17
VisualStudioVersion = 17.12.35527.113 d17.12
MinimumVisualStudioVersion = 10.0.40219.1
Project("{FAE04EC0-301F-11D3-BF4B-00C04F79EFBC}") = "lab13", "lab13.csproj", "{205CAFED-5953-4C11-A8BD-44BAB0195DCB}"
EndProject
Global
	GlobalSection(SolutionConfigurationPlatforms) = preSolution
		Debug|Any CPU = Debug|Any CPU
		Release|Any CPU = Release|Any CPU
	EndGlobalSection
	GlobalSection(ProjectConfigurationPlatforms) = postSolution
		{205CAFED-5953-4C11-A8BD-44BAB0195DCB}.Debug|Any CPU.ActiveCfg = Debug|Any CPU
		{205CAFED-5953-4C11-A8BD-44BAB0195DCB}.Debug|Any CPU.Build.0 = Debug|Any CPU
		{205CAFED-5953-4C11-A8BD-44BAB0195DCB}.Release|Any CPU.ActiveCfg = Release|Any CPU
		{205CAFED-5953-4C11-A8BD-44BAB0195DCB}.Release|Any CPU.Build.0 = Release|Any CPU
	EndGlobalSection
	GlobalSection(SolutionProperties) = preSolution
		HideSolutionNode = FALSE
	EndGlobalSection
EndGlobal
